# Generated by buf. DO NOT EDIT.
version: v1
deps:
  - remote: buf.build
    owner: cosmos
    repository: cosmos-proto
    commit: 1935555c206d4afb9e94615dfd0fad31
    digest: shake256:c74d91a3ac7ae07d579e90eee33abf9b29664047ac8816500cf22c081fec0d72d62c89ce0bebafc1f6fec7aa5315be72606717740ca95007248425102c365377
  - remote: buf.build
    owner: cosmos
    repository: cosmos-sdk
    commit: aa25660f4ff746388669ce36b3778442
    digest: shake256:a20eb29eb7284d9d0b76e94324a6e24e3665d13682bed0d5beac647d7109b7b2f22080301276779a91f394c97dab334da36dfc01d4252d9f869b090bfc8248aa
  - remote: buf.build
    owner: cosmos
    repository: gogo-proto
    commit: 88ef6483f90f478fb938c37dde52ece3
    digest: shake256:89c45df2aa11e0cff97b0d695436713db3d993d76792e9f8dc1ae90e6ab9a9bec55503d48ceedd6b86069ab07d3041b32001b2bfe0227fa725dd515ff381e5ba
  - remote: buf.build
    owner: cosmos
    repository: ibc
    commit: c805262eb05540e7a4d8723e8b39108e
    digest: shake256:1c90107847d072bcf9de2f56cefe162b01dea4adc10316e7fb506942ee73a0f87ccd5747b2abb749d6c403b48c814cdfeefe570bd981b81778f27684babddf0b
  - remote: buf.build
    owner: cosmos
    repository: ics23
    commit: 55085f7c710a45f58fa09947208eb70b
    digest: shake256:9bf0bc495b5a11c88d163d39ef521bc4b00bc1374a05758c91d82821bdc61f09e8c2c51dda8452529bf80137f34d852561eacbe9550a59015d51cecb0dacb628
  - remote: buf.build
    owner: googleapis
    repository: googleapis
    commit: 8d7204855ec14631a499bd7393ce1970
    digest: shake256:40bf4112960cad01281930beed85829910768e32e80e986791596853eccd42c0cbd9d96690b918f658020d2d427e16f8b6514e2ac7f4a10306fd32e77be44329
